
Microsoft Visual Studio Solution File, Format Version 12.00
# Visual Studio 2012
Project("{FAE04EC0-301F-11D3-BF4B-00C04F79EFBC}") = "hello", "hello\hello.csproj", "{C4705BA5-6D52-4C6F-AC3D-332278DA44D8}"
EndProject
Project("{FAE04EC0-301F-11D3-BF4B-00C04F79EFBC}") = "write_test", "write_test\write_test.csproj", "{0D40BE39-8B4E-434F-B2A5-399E8E833835}"
EndProject
Project("{FAE04EC0-301F-11D3-BF4B-00C04F79EFBC}") = "update_vars", "update_vars\update_vars.csproj", "{F4F3864F-EC58-4F61-BC8A-13E5904E0437}"
EndProject
Project("{FAE04EC0-301F-11D3-BF4B-00C04F79EFBC}") = "update_vars2", "update_vars2\update_vars2.csproj", "{671B2CC2-D49E-4EBD-B73B-E1BB0467B481}"
EndProject
Project("{FAE04EC0-301F-11D3-BF4B-00C04F79EFBC}") = "update_vars3", "update_vars3\update_vars3.csproj", "{9F2C5C3F-6353-4966-AC6B-1CC0D3BEC678}"
EndProject
Project("{FAE04EC0-301F-11D3-BF4B-00C04F79EFBC}") = "bad_sum", "bad_sum\bad_sum.csproj", "{E950ACDA-DE87-4A4C-AB94-2BF7C2AD67D1}"
EndProject
Project("{FAE04EC0-301F-11D3-BF4B-00C04F79EFBC}") = "good_sum", "good_sum\good_sum.csproj", "{07FFC1F9-A95F-45D3-BD2D-8D5635B92400}"
EndProject
Project("{FAE04EC0-301F-11D3-BF4B-00C04F79EFBC}") = "interview", "interview\interview.csproj", "{2F6E8E51-D9C1-4D17-B79C-0B6AB44D847B}"
EndProject
Project("{FAE04EC0-301F-11D3-BF4B-00C04F79EFBC}") = "add3", "add3\add3.csproj", "{C08390C3-C496-4E41-BB79-5D3A144F6435}"
EndProject
Project("{FAE04EC0-301F-11D3-BF4B-00C04F79EFBC}") = "quotient", "quotient\quotient.csproj", "{2DFF8583-466E-43F3-B064-5B3AFA8D3F49}"
EndProject
Project("{FAE04EC0-301F-11D3-BF4B-00C04F79EFBC}") = "hello_you1", "hello_you1\hello_you1.csproj", "{CD7663F7-B42F-460F-8239-CD317F891E52}"
EndProject
Project("{FAE04EC0-301F-11D3-BF4B-00C04F79EFBC}") = "hello_you2", "hello_you2\hello_you2.csproj", "{54D5B11D-6233-4BB9-B6D9-57C1DEEB95CA}"
EndProject
Project("{FAE04EC0-301F-11D3-BF4B-00C04F79EFBC}") = "quotient_format", "quotient_format\quotient_format.csproj", "{C3A970F9-DECC-411D-9D72-00412786B913}"
EndProject
Project("{FAE04EC0-301F-11D3-BF4B-00C04F79EFBC}") = "my_mad_lib", "my_mad_lib\my_mad_lib.csproj", "{7EC19A53-CDDB-4069-8C61-CE8F53173D4F}"
EndProject
Project("{FAE04EC0-301F-11D3-BF4B-00C04F79EFBC}") = "do_the_math", "do_the_math\do_the_math.csproj", "{B627BD7B-D214-44BD-962A-62FD47F9F37C}"
EndProject
Project("{FAE04EC0-301F-11D3-BF4B-00C04F79EFBC}") = "birthday1", "birthday1\birthday1.csproj", "{D65FE090-0E62-445C-A54E-7C0E3023E046}"
EndProject
Project("{FAE04EC0-301F-11D3-BF4B-00C04F79EFBC}") = "birthday2", "birthday2\birthday2.csproj", "{79AD4F2B-C9EB-4AAB-81FA-36CC1867710D}"
EndProject
Project("{FAE04EC0-301F-11D3-BF4B-00C04F79EFBC}") = "birthday3", "birthday3\birthday3.csproj", "{AD650240-C037-4166-8F72-5AB673273BFC}"
EndProject
Project("{FAE04EC0-301F-11D3-BF4B-00C04F79EFBC}") = "poem", "poem\poem.csproj", "{5004D0C8-B29D-45BC-BF82-E9F3CD34AD73}"
EndProject
Project("{FAE04EC0-301F-11D3-BF4B-00C04F79EFBC}") = "birthday4", "birthday4\birthday4.csproj", "{046D260F-364E-4F61-BC71-AA421F5BFFAD}"
EndProject
Project("{FAE04EC0-301F-11D3-BF4B-00C04F79EFBC}") = "birthday_who", "birthday_who\birthday_who.csproj", "{827494B2-A2D3-45F1-92E3-12BDEEEC507D}"
EndProject
Project("{FAE04EC0-301F-11D3-BF4B-00C04F79EFBC}") = "birthday_many", "birthday_many\birthday_many.csproj", "{32BB6AD5-4E7E-484E-AFA3-19D0102752C9}"
EndProject
Project("{FAE04EC0-301F-11D3-BF4B-00C04F79EFBC}") = "addition1", "addition1\addition1.csproj", "{BCD7A656-8245-4EDA-9D08-3991D88751EA}"
EndProject
Project("{FAE04EC0-301F-11D3-BF4B-00C04F79EFBC}") = "quotient_prob", "quotient_prob\quotient_prob.csproj", "{64413ACC-FDA6-47C9-B9E3-FD6F73335C92}"
EndProject
Project("{FAE04EC0-301F-11D3-BF4B-00C04F79EFBC}") = "Return1", "Return1\Return1.csproj", "{9880E5AE-5744-4D1D-94DF-D2969DD9AB92}"
EndProject
Project("{FAE04EC0-301F-11D3-BF4B-00C04F79EFBC}") = "Return2", "Return2\Return2.csproj", "{4C981CA4-3AA4-44C1-ABF4-6B65C29EC5DD}"
EndProject
Project("{FAE04EC0-301F-11D3-BF4B-00C04F79EFBC}") = "addition2", "Addition2\addition2.csproj", "{28C40113-CF90-416D-ADDE-2CC9C7D9D187}"
EndProject
Project("{FAE04EC0-301F-11D3-BF4B-00C04F79EFBC}") = "painting_input", "painting_input\painting_input.csproj", "{29ADAA31-3873-4B98-89D3-27778F27F12F}"
EndProject
Project("{FAE04EC0-301F-11D3-BF4B-00C04F79EFBC}") = "BadScope", "BadScope\BadScope.csproj", "{4F5AF37B-C943-4EA2-A678-0268DCA0BAC1}"
EndProject
Project("{FAE04EC0-301F-11D3-BF4B-00C04F79EFBC}") = "GoodScope", "GoodScope\GoodScope.csproj", "{18E2A81F-7CF9-483F-84DD-5F9DA83DDD1F}"
EndProject
Project("{FAE04EC0-301F-11D3-BF4B-00C04F79EFBC}") = "constant", "constant\constant.csproj", "{318458D5-E266-4EF4-9756-1142A4B7B7FC}"
EndProject
Project("{FAE04EC0-301F-11D3-BF4B-00C04F79EFBC}") = "addition3", "addition3\addition3.csproj", "{338E6EA8-0DD2-441F-92A3-9CEA62C3EECB}"
EndProject
Project("{FAE04EC0-301F-11D3-BF4B-00C04F79EFBC}") = "ui", "uif\ui.csproj", "{74CCA3F7-65DB-4221-9D5D-C8014CB18E1D}"
EndProject
Project("{FAE04EC0-301F-11D3-BF4B-00C04F79EFBC}") = "interview2", "interview2\interview2.csproj", "{8B566AE3-55EE-45A3-A17C-F3C227A78765}"
EndProject
Project("{FAE04EC0-301F-11D3-BF4B-00C04F79EFBC}") = "quotient_return", "quotient_return\quotient_return.csproj", "{8531D4C9-1C88-47EB-91EE-BCF0DEEDDB90}"
EndProject
Project("{FAE04EC0-301F-11D3-BF4B-00C04F79EFBC}") = "quotient_u_i.cs", "quotient_u_i.cs\quotient_u_i.cs.csproj", "{566D871D-E298-43DE-BC0D-02C5759F688A}"
EndProject
Project("{FAE04EC0-301F-11D3-BF4B-00C04F79EFBC}") = "traceback", "traceback\traceback.csproj", "{0DD4A02A-D1EA-4D06-A0B3-DB0A189A127D}"
EndProject
Project("{FAE04EC0-301F-11D3-BF4B-00C04F79EFBC}") = "parenthesized", "parenthesized\parenthesized.csproj", "{FE18FAEF-8F01-4C77-98C3-6BDFFBC5D46A}"
EndProject
Project("{FAE04EC0-301F-11D3-BF4B-00C04F79EFBC}") = "string_mani", "string_mani\string_mani.csproj", "{3713F206-83D2-4EBF-A2CD-F4D105AAECB7}"
EndProject
Project("{FAE04EC0-301F-11D3-BF4B-00C04F79EFBC}") = "suitcase", "suitcase\suitcase.csproj", "{1AD79719-9050-4FDC-9807-F0C533C6171B}"
EndProject
Project("{FAE04EC0-301F-11D3-BF4B-00C04F79EFBC}") = "clothes", "clothes\clothes.csproj", "{A762BB40-29E1-487C-9509-046A56DB6BD2}"
EndProject
Project("{FAE04EC0-301F-11D3-BF4B-00C04F79EFBC}") = "ok_if_scope", "ok_if_scope\ok_if_scope.csproj", "{5474C670-12DF-4BC7-9A6A-B741E8D23962}"
EndProject
Project("{FAE04EC0-301F-11D3-BF4B-00C04F79EFBC}") = "wages1", "wages1\wages1.csproj", "{79B261F9-E0A6-4AF5-8C81-B0B4E26C7E7A}"
EndProject
Project("{FAE04EC0-301F-11D3-BF4B-00C04F79EFBC}") = "wages2", "wages2\wages2.csproj", "{F6892398-D6D8-424C-8BB4-8A3D6E1C8F3A}"
EndProject
Project("{FAE04EC0-301F-11D3-BF4B-00C04F79EFBC}") = "graduate", "graduate\graduate.csproj", "{7BF07B02-F545-4364-BD24-AB0DE49DD505}"
EndProject
Project("{FAE04EC0-301F-11D3-BF4B-00C04F79EFBC}") = "grade", "grade\grade.csproj", "{D025A7BD-D1D8-4F1F-A850-3CBF643F4A95}"
EndProject
Project("{FAE04EC0-301F-11D3-BF4B-00C04F79EFBC}") = "sign", "sign\sign.csproj", "{B7F0D670-D8DC-47DE-8693-D21D63B58F83}"
EndProject
Project("{FAE04EC0-301F-11D3-BF4B-00C04F79EFBC}") = "grade2", "grade2\grade2.csproj", "{6B8FD70B-BD6D-40F3-A338-484FAD11039A}"
EndProject
Project("{FAE04EC0-301F-11D3-BF4B-00C04F79EFBC}") = "wages3", "wages3\wages3.csproj", "{342F089B-A28D-4CDA-9CBB-BD5C55CEFFA9}"
EndProject
Project("{FAE04EC0-301F-11D3-BF4B-00C04F79EFBC}") = "congress", "congress\congress.csproj", "{B15A07A8-D48D-417A-B7D1-3D7E523B8716}"
EndProject
Project("{FAE04EC0-301F-11D3-BF4B-00C04F79EFBC}") = "cartesian", "cartesian\cartesian.csproj", "{518F522C-251C-4CD5-A035-2E0EF5773B48}"
EndProject
Global
	GlobalSection(SolutionConfigurationPlatforms) = preSolution
		Debug|x86 = Debug|x86
		Release|x86 = Release|x86
	EndGlobalSection
	GlobalSection(ProjectConfigurationPlatforms) = postSolution
		{046D260F-364E-4F61-BC71-AA421F5BFFAD}.Debug|x86.ActiveCfg = Debug|x86
		{046D260F-364E-4F61-BC71-AA421F5BFFAD}.Debug|x86.Build.0 = Debug|x86
		{046D260F-364E-4F61-BC71-AA421F5BFFAD}.Release|x86.ActiveCfg = Release|x86
		{046D260F-364E-4F61-BC71-AA421F5BFFAD}.Release|x86.Build.0 = Release|x86
		{07FFC1F9-A95F-45D3-BD2D-8D5635B92400}.Debug|x86.ActiveCfg = Debug|x86
		{07FFC1F9-A95F-45D3-BD2D-8D5635B92400}.Debug|x86.Build.0 = Debug|x86
		{07FFC1F9-A95F-45D3-BD2D-8D5635B92400}.Release|x86.ActiveCfg = Release|x86
		{07FFC1F9-A95F-45D3-BD2D-8D5635B92400}.Release|x86.Build.0 = Release|x86
		{0D40BE39-8B4E-434F-B2A5-399E8E833835}.Debug|x86.ActiveCfg = Debug|x86
		{0D40BE39-8B4E-434F-B2A5-399E8E833835}.Debug|x86.Build.0 = Debug|x86
		{0D40BE39-8B4E-434F-B2A5-399E8E833835}.Release|x86.ActiveCfg = Release|x86
		{0D40BE39-8B4E-434F-B2A5-399E8E833835}.Release|x86.Build.0 = Release|x86
		{0DD4A02A-D1EA-4D06-A0B3-DB0A189A127D}.Debug|x86.ActiveCfg = Debug|x86
		{0DD4A02A-D1EA-4D06-A0B3-DB0A189A127D}.Debug|x86.Build.0 = Debug|x86
		{0DD4A02A-D1EA-4D06-A0B3-DB0A189A127D}.Release|x86.ActiveCfg = Release|x86
		{0DD4A02A-D1EA-4D06-A0B3-DB0A189A127D}.Release|x86.Build.0 = Release|x86
		{18E2A81F-7CF9-483F-84DD-5F9DA83DDD1F}.Debug|x86.ActiveCfg = Debug|x86
		{18E2A81F-7CF9-483F-84DD-5F9DA83DDD1F}.Debug|x86.Build.0 = Debug|x86
		{18E2A81F-7CF9-483F-84DD-5F9DA83DDD1F}.Release|x86.ActiveCfg = Release|x86
		{18E2A81F-7CF9-483F-84DD-5F9DA83DDD1F}.Release|x86.Build.0 = Release|x86
		{1AD79719-9050-4FDC-9807-F0C533C6171B}.Debug|x86.ActiveCfg = Debug|x86
		{1AD79719-9050-4FDC-9807-F0C533C6171B}.Debug|x86.Build.0 = Debug|x86
		{1AD79719-9050-4FDC-9807-F0C533C6171B}.Release|x86.ActiveCfg = Release|x86
		{1AD79719-9050-4FDC-9807-F0C533C6171B}.Release|x86.Build.0 = Release|x86
		{28C40113-CF90-416D-ADDE-2CC9C7D9D187}.Debug|x86.ActiveCfg = Debug|x86
		{28C40113-CF90-416D-ADDE-2CC9C7D9D187}.Debug|x86.Build.0 = Debug|x86
		{28C40113-CF90-416D-ADDE-2CC9C7D9D187}.Release|x86.ActiveCfg = Release|x86
		{28C40113-CF90-416D-ADDE-2CC9C7D9D187}.Release|x86.Build.0 = Release|x86
		{29ADAA31-3873-4B98-89D3-27778F27F12F}.Debug|x86.ActiveCfg = Debug|x86
		{29ADAA31-3873-4B98-89D3-27778F27F12F}.Debug|x86.Build.0 = Debug|x86
		{29ADAA31-3873-4B98-89D3-27778F27F12F}.Release|x86.ActiveCfg = Release|x86
		{29ADAA31-3873-4B98-89D3-27778F27F12F}.Release|x86.Build.0 = Release|x86
		{2DFF8583-466E-43F3-B064-5B3AFA8D3F49}.Debug|x86.ActiveCfg = Debug|x86
		{2DFF8583-466E-43F3-B064-5B3AFA8D3F49}.Debug|x86.Build.0 = Debug|x86
		{2DFF8583-466E-43F3-B064-5B3AFA8D3F49}.Release|x86.ActiveCfg = Release|x86
		{2DFF8583-466E-43F3-B064-5B3AFA8D3F49}.Release|x86.Build.0 = Release|x86
		{2F6E8E51-D9C1-4D17-B79C-0B6AB44D847B}.Debug|x86.ActiveCfg = Debug|x86
		{2F6E8E51-D9C1-4D17-B79C-0B6AB44D847B}.Debug|x86.Build.0 = Debug|x86
		{2F6E8E51-D9C1-4D17-B79C-0B6AB44D847B}.Release|x86.ActiveCfg = Release|x86
		{2F6E8E51-D9C1-4D17-B79C-0B6AB44D847B}.Release|x86.Build.0 = Release|x86
		{318458D5-E266-4EF4-9756-1142A4B7B7FC}.Debug|x86.ActiveCfg = Debug|x86
		{318458D5-E266-4EF4-9756-1142A4B7B7FC}.Debug|x86.Build.0 = Debug|x86
		{318458D5-E266-4EF4-9756-1142A4B7B7FC}.Release|x86.ActiveCfg = Release|x86
		{318458D5-E266-4EF4-9756-1142A4B7B7FC}.Release|x86.Build.0 = Release|x86
		{32BB6AD5-4E7E-484E-AFA3-19D0102752C9}.Debug|x86.ActiveCfg = Debug|x86
		{32BB6AD5-4E7E-484E-AFA3-19D0102752C9}.Debug|x86.Build.0 = Debug|x86
		{32BB6AD5-4E7E-484E-AFA3-19D0102752C9}.Release|x86.ActiveCfg = Release|x86
		{32BB6AD5-4E7E-484E-AFA3-19D0102752C9}.Release|x86.Build.0 = Release|x86
		{338E6EA8-0DD2-441F-92A3-9CEA62C3EECB}.Debug|x86.ActiveCfg = Debug|x86
		{338E6EA8-0DD2-441F-92A3-9CEA62C3EECB}.Debug|x86.Build.0 = Debug|x86
		{338E6EA8-0DD2-441F-92A3-9CEA62C3EECB}.Release|x86.ActiveCfg = Release|x86
		{338E6EA8-0DD2-441F-92A3-9CEA62C3EECB}.Release|x86.Build.0 = Release|x86
		{342F089B-A28D-4CDA-9CBB-BD5C55CEFFA9}.Debug|x86.ActiveCfg = Debug|x86
		{342F089B-A28D-4CDA-9CBB-BD5C55CEFFA9}.Debug|x86.Build.0 = Debug|x86
		{342F089B-A28D-4CDA-9CBB-BD5C55CEFFA9}.Release|x86.ActiveCfg = Release|x86
		{342F089B-A28D-4CDA-9CBB-BD5C55CEFFA9}.Release|x86.Build.0 = Release|x86
		{3713F206-83D2-4EBF-A2CD-F4D105AAECB7}.Debug|x86.ActiveCfg = Debug|x86
		{3713F206-83D2-4EBF-A2CD-F4D105AAECB7}.Debug|x86.Build.0 = Debug|x86
		{3713F206-83D2-4EBF-A2CD-F4D105AAECB7}.Release|x86.ActiveCfg = Release|x86
		{3713F206-83D2-4EBF-A2CD-F4D105AAECB7}.Release|x86.Build.0 = Release|x86
		{4C981CA4-3AA4-44C1-ABF4-6B65C29EC5DD}.Debug|x86.ActiveCfg = Debug|x86
		{4C981CA4-3AA4-44C1-ABF4-6B65C29EC5DD}.Debug|x86.Build.0 = Debug|x86
		{4C981CA4-3AA4-44C1-ABF4-6B65C29EC5DD}.Release|x86.ActiveCfg = Release|x86
		{4C981CA4-3AA4-44C1-ABF4-6B65C29EC5DD}.Release|x86.Build.0 = Release|x86
		{4F5AF37B-C943-4EA2-A678-0268DCA0BAC1}.Debug|x86.ActiveCfg = Debug|x86
		{4F5AF37B-C943-4EA2-A678-0268DCA0BAC1}.Debug|x86.Build.0 = Debug|x86
		{4F5AF37B-C943-4EA2-A678-0268DCA0BAC1}.Release|x86.ActiveCfg = Release|x86
		{4F5AF37B-C943-4EA2-A678-0268DCA0BAC1}.Release|x86.Build.0 = Release|x86
		{5004D0C8-B29D-45BC-BF82-E9F3CD34AD73}.Debug|x86.ActiveCfg = Debug|x86
		{5004D0C8-B29D-45BC-BF82-E9F3CD34AD73}.Debug|x86.Build.0 = Debug|x86
		{5004D0C8-B29D-45BC-BF82-E9F3CD34AD73}.Release|x86.ActiveCfg = Release|x86
		{5004D0C8-B29D-45BC-BF82-E9F3CD34AD73}.Release|x86.Build.0 = Release|x86
		{518F522C-251C-4CD5-A035-2E0EF5773B48}.Debug|x86.ActiveCfg = Debug|x86
		{518F522C-251C-4CD5-A035-2E0EF5773B48}.Debug|x86.Build.0 = Debug|x86
		{518F522C-251C-4CD5-A035-2E0EF5773B48}.Release|x86.ActiveCfg = Release|x86
		{518F522C-251C-4CD5-A035-2E0EF5773B48}.Release|x86.Build.0 = Release|x86
		{5474C670-12DF-4BC7-9A6A-B741E8D23962}.Debug|x86.ActiveCfg = Debug|x86
		{5474C670-12DF-4BC7-9A6A-B741E8D23962}.Debug|x86.Build.0 = Debug|x86
		{5474C670-12DF-4BC7-9A6A-B741E8D23962}.Release|x86.ActiveCfg = Release|x86
		{5474C670-12DF-4BC7-9A6A-B741E8D23962}.Release|x86.Build.0 = Release|x86
		{54D5B11D-6233-4BB9-B6D9-57C1DEEB95CA}.Debug|x86.ActiveCfg = Debug|x86
		{54D5B11D-6233-4BB9-B6D9-57C1DEEB95CA}.Debug|x86.Build.0 = Debug|x86
		{54D5B11D-6233-4BB9-B6D9-57C1DEEB95CA}.Release|x86.ActiveCfg = Release|x86
		{54D5B11D-6233-4BB9-B6D9-57C1DEEB95CA}.Release|x86.Build.0 = Release|x86
		{566D871D-E298-43DE-BC0D-02C5759F688A}.Debug|x86.ActiveCfg = Debug|x86
		{566D871D-E298-43DE-BC0D-02C5759F688A}.Debug|x86.Build.0 = Debug|x86
		{566D871D-E298-43DE-BC0D-02C5759F688A}.Release|x86.ActiveCfg = Release|x86
		{566D871D-E298-43DE-BC0D-02C5759F688A}.Release|x86.Build.0 = Release|x86
		{64413ACC-FDA6-47C9-B9E3-FD6F73335C92}.Debug|x86.ActiveCfg = Debug|x86
		{64413ACC-FDA6-47C9-B9E3-FD6F73335C92}.Debug|x86.Build.0 = Debug|x86
		{64413ACC-FDA6-47C9-B9E3-FD6F73335C92}.Release|x86.ActiveCfg = Release|x86
		{64413ACC-FDA6-47C9-B9E3-FD6F73335C92}.Release|x86.Build.0 = Release|x86
		{671B2CC2-D49E-4EBD-B73B-E1BB0467B481}.Debug|x86.ActiveCfg = Debug|x86
		{671B2CC2-D49E-4EBD-B73B-E1BB0467B481}.Debug|x86.Build.0 = Debug|x86
		{671B2CC2-D49E-4EBD-B73B-E1BB0467B481}.Release|x86.ActiveCfg = Release|x86
		{671B2CC2-D49E-4EBD-B73B-E1BB0467B481}.Release|x86.Build.0 = Release|x86
		{6B8FD70B-BD6D-40F3-A338-484FAD11039A}.Debug|x86.ActiveCfg = Debug|x86
		{6B8FD70B-BD6D-40F3-A338-484FAD11039A}.Debug|x86.Build.0 = Debug|x86
		{6B8FD70B-BD6D-40F3-A338-484FAD11039A}.Release|x86.ActiveCfg = Release|x86
		{6B8FD70B-BD6D-40F3-A338-484FAD11039A}.Release|x86.Build.0 = Release|x86
		{74CCA3F7-65DB-4221-9D5D-C8014CB18E1D}.Debug|x86.ActiveCfg = Debug|Any CPU
		{74CCA3F7-65DB-4221-9D5D-C8014CB18E1D}.Debug|x86.Build.0 = Debug|Any CPU
		{74CCA3F7-65DB-4221-9D5D-C8014CB18E1D}.Release|x86.ActiveCfg = Release|Any CPU
		{74CCA3F7-65DB-4221-9D5D-C8014CB18E1D}.Release|x86.Build.0 = Release|Any CPU
		{79AD4F2B-C9EB-4AAB-81FA-36CC1867710D}.Debug|x86.ActiveCfg = Debug|x86
		{79AD4F2B-C9EB-4AAB-81FA-36CC1867710D}.Debug|x86.Build.0 = Debug|x86
		{79AD4F2B-C9EB-4AAB-81FA-36CC1867710D}.Release|x86.ActiveCfg = Release|x86
		{79AD4F2B-C9EB-4AAB-81FA-36CC1867710D}.Release|x86.Build.0 = Release|x86
		{79B261F9-E0A6-4AF5-8C81-B0B4E26C7E7A}.Debug|x86.ActiveCfg = Debug|x86
		{79B261F9-E0A6-4AF5-8C81-B0B4E26C7E7A}.Debug|x86.Build.0 = Debug|x86
		{79B261F9-E0A6-4AF5-8C81-B0B4E26C7E7A}.Release|x86.ActiveCfg = Release|x86
		{79B261F9-E0A6-4AF5-8C81-B0B4E26C7E7A}.Release|x86.Build.0 = Release|x86
		{7BF07B02-F545-4364-BD24-AB0DE49DD505}.Debug|x86.ActiveCfg = Debug|x86
		{7BF07B02-F545-4364-BD24-AB0DE49DD505}.Debug|x86.Build.0 = Debug|x86
		{7BF07B02-F545-4364-BD24-AB0DE49DD505}.Release|x86.ActiveCfg = Release|x86
		{7BF07B02-F545-4364-BD24-AB0DE49DD505}.Release|x86.Build.0 = Release|x86
		{7EC19A53-CDDB-4069-8C61-CE8F53173D4F}.Debug|x86.ActiveCfg = Debug|x86
		{7EC19A53-CDDB-4069-8C61-CE8F53173D4F}.Debug|x86.Build.0 = Debug|x86
		{7EC19A53-CDDB-4069-8C61-CE8F53173D4F}.Release|x86.ActiveCfg = Release|x86
		{7EC19A53-CDDB-4069-8C61-CE8F53173D4F}.Release|x86.Build.0 = Release|x86
		{827494B2-A2D3-45F1-92E3-12BDEEEC507D}.Debug|x86.ActiveCfg = Debug|x86
		{827494B2-A2D3-45F1-92E3-12BDEEEC507D}.Debug|x86.Build.0 = Debug|x86
		{827494B2-A2D3-45F1-92E3-12BDEEEC507D}.Release|x86.ActiveCfg = Release|x86
		{827494B2-A2D3-45F1-92E3-12BDEEEC507D}.Release|x86.Build.0 = Release|x86
		{8531D4C9-1C88-47EB-91EE-BCF0DEEDDB90}.Debug|x86.ActiveCfg = Debug|x86
		{8531D4C9-1C88-47EB-91EE-BCF0DEEDDB90}.Debug|x86.Build.0 = Debug|x86
		{8531D4C9-1C88-47EB-91EE-BCF0DEEDDB90}.Release|x86.ActiveCfg = Release|x86
		{8531D4C9-1C88-47EB-91EE-BCF0DEEDDB90}.Release|x86.Build.0 = Release|x86
		{8B566AE3-55EE-45A3-A17C-F3C227A78765}.Debug|x86.ActiveCfg = Debug|x86
		{8B566AE3-55EE-45A3-A17C-F3C227A78765}.Debug|x86.Build.0 = Debug|x86
		{8B566AE3-55EE-45A3-A17C-F3C227A78765}.Release|x86.ActiveCfg = Release|x86
		{8B566AE3-55EE-45A3-A17C-F3C227A78765}.Release|x86.Build.0 = Release|x86
		{9880E5AE-5744-4D1D-94DF-D2969DD9AB92}.Debug|x86.ActiveCfg = Debug|x86
		{9880E5AE-5744-4D1D-94DF-D2969DD9AB92}.Debug|x86.Build.0 = Debug|x86
		{9880E5AE-5744-4D1D-94DF-D2969DD9AB92}.Release|x86.ActiveCfg = Release|x86
		{9880E5AE-5744-4D1D-94DF-D2969DD9AB92}.Release|x86.Build.0 = Release|x86
		{9F2C5C3F-6353-4966-AC6B-1CC0D3BEC678}.Debug|x86.ActiveCfg = Debug|x86
		{9F2C5C3F-6353-4966-AC6B-1CC0D3BEC678}.Debug|x86.Build.0 = Debug|x86
		{9F2C5C3F-6353-4966-AC6B-1CC0D3BEC678}.Release|x86.ActiveCfg = Release|x86
		{9F2C5C3F-6353-4966-AC6B-1CC0D3BEC678}.Release|x86.Build.0 = Release|x86
		{A762BB40-29E1-487C-9509-046A56DB6BD2}.Debug|x86.ActiveCfg = Debug|x86
		{A762BB40-29E1-487C-9509-046A56DB6BD2}.Debug|x86.Build.0 = Debug|x86
		{A762BB40-29E1-487C-9509-046A56DB6BD2}.Release|x86.ActiveCfg = Release|x86
		{A762BB40-29E1-487C-9509-046A56DB6BD2}.Release|x86.Build.0 = Release|x86
		{AD650240-C037-4166-8F72-5AB673273BFC}.Debug|x86.ActiveCfg = Debug|x86
		{AD650240-C037-4166-8F72-5AB673273BFC}.Debug|x86.Build.0 = Debug|x86
		{AD650240-C037-4166-8F72-5AB673273BFC}.Release|x86.ActiveCfg = Release|x86
		{AD650240-C037-4166-8F72-5AB673273BFC}.Release|x86.Build.0 = Release|x86
		{B15A07A8-D48D-417A-B7D1-3D7E523B8716}.Debug|x86.ActiveCfg = Debug|x86
		{B15A07A8-D48D-417A-B7D1-3D7E523B8716}.Debug|x86.Build.0 = Debug|x86
		{B15A07A8-D48D-417A-B7D1-3D7E523B8716}.Release|x86.ActiveCfg = Release|x86
		{B15A07A8-D48D-417A-B7D1-3D7E523B8716}.Release|x86.Build.0 = Release|x86
		{B627BD7B-D214-44BD-962A-62FD47F9F37C}.Debug|x86.ActiveCfg = Debug|x86
		{B627BD7B-D214-44BD-962A-62FD47F9F37C}.Debug|x86.Build.0 = Debug|x86
		{B627BD7B-D214-44BD-962A-62FD47F9F37C}.Release|x86.ActiveCfg = Release|x86
		{B627BD7B-D214-44BD-962A-62FD47F9F37C}.Release|x86.Build.0 = Release|x86
		{B7F0D670-D8DC-47DE-8693-D21D63B58F83}.Debug|x86.ActiveCfg = Debug|x86
		{B7F0D670-D8DC-47DE-8693-D21D63B58F83}.Debug|x86.Build.0 = Debug|x86
		{B7F0D670-D8DC-47DE-8693-D21D63B58F83}.Release|x86.ActiveCfg = Release|x86
		{B7F0D670-D8DC-47DE-8693-D21D63B58F83}.Release|x86.Build.0 = Release|x86
		{BCD7A656-8245-4EDA-9D08-3991D88751EA}.Debug|x86.ActiveCfg = Debug|x86
		{BCD7A656-8245-4EDA-9D08-3991D88751EA}.Debug|x86.Build.0 = Debug|x86
		{BCD7A656-8245-4EDA-9D08-3991D88751EA}.Release|x86.ActiveCfg = Release|x86
		{BCD7A656-8245-4EDA-9D08-3991D88751EA}.Release|x86.Build.0 = Release|x86
		{C08390C3-C496-4E41-BB79-5D3A144F6435}.Debug|x86.ActiveCfg = Debug|x86
		{C08390C3-C496-4E41-BB79-5D3A144F6435}.Debug|x86.Build.0 = Debug|x86
		{C08390C3-C496-4E41-BB79-5D3A144F6435}.Release|x86.ActiveCfg = Release|x86
		{C08390C3-C496-4E41-BB79-5D3A144F6435}.Release|x86.Build.0 = Release|x86
		{C3A970F9-DECC-411D-9D72-00412786B913}.Debug|x86.ActiveCfg = Debug|x86
		{C3A970F9-DECC-411D-9D72-00412786B913}.Debug|x86.Build.0 = Debug|x86
		{C3A970F9-DECC-411D-9D72-00412786B913}.Release|x86.ActiveCfg = Release|x86
		{C3A970F9-DECC-411D-9D72-00412786B913}.Release|x86.Build.0 = Release|x86
		{C4705BA5-6D52-4C6F-AC3D-332278DA44D8}.Debug|x86.ActiveCfg = Debug|x86
		{C4705BA5-6D52-4C6F-AC3D-332278DA44D8}.Debug|x86.Build.0 = Debug|x86
		{C4705BA5-6D52-4C6F-AC3D-332278DA44D8}.Release|x86.ActiveCfg = Release|x86
		{C4705BA5-6D52-4C6F-AC3D-332278DA44D8}.Release|x86.Build.0 = Release|x86
		{CD7663F7-B42F-460F-8239-CD317F891E52}.Debug|x86.ActiveCfg = Debug|x86
		{CD7663F7-B42F-460F-8239-CD317F891E52}.Debug|x86.Build.0 = Debug|x86
		{CD7663F7-B42F-460F-8239-CD317F891E52}.Release|x86.ActiveCfg = Release|x86
		{CD7663F7-B42F-460F-8239-CD317F891E52}.Release|x86.Build.0 = Release|x86
		{D025A7BD-D1D8-4F1F-A850-3CBF643F4A95}.Debug|x86.ActiveCfg = Debug|x86
		{D025A7BD-D1D8-4F1F-A850-3CBF643F4A95}.Debug|x86.Build.0 = Debug|x86
		{D025A7BD-D1D8-4F1F-A850-3CBF643F4A95}.Release|x86.ActiveCfg = Release|x86
		{D025A7BD-D1D8-4F1F-A850-3CBF643F4A95}.Release|x86.Build.0 = Release|x86
		{D65FE090-0E62-445C-A54E-7C0E3023E046}.Debug|x86.ActiveCfg = Debug|x86
		{D65FE090-0E62-445C-A54E-7C0E3023E046}.Debug|x86.Build.0 = Debug|x86
		{D65FE090-0E62-445C-A54E-7C0E3023E046}.Release|x86.ActiveCfg = Release|x86
		{D65FE090-0E62-445C-A54E-7C0E3023E046}.Release|x86.Build.0 = Release|x86
		{E950ACDA-DE87-4A4C-AB94-2BF7C2AD67D1}.Debug|x86.ActiveCfg = Debug|x86
		{E950ACDA-DE87-4A4C-AB94-2BF7C2AD67D1}.Debug|x86.Build.0 = Debug|x86
		{E950ACDA-DE87-4A4C-AB94-2BF7C2AD67D1}.Release|x86.ActiveCfg = Release|x86
		{E950ACDA-DE87-4A4C-AB94-2BF7C2AD67D1}.Release|x86.Build.0 = Release|x86
		{F4F3864F-EC58-4F61-BC8A-13E5904E0437}.Debug|x86.ActiveCfg = Debug|x86
		{F4F3864F-EC58-4F61-BC8A-13E5904E0437}.Debug|x86.Build.0 = Debug|x86
		{F4F3864F-EC58-4F61-BC8A-13E5904E0437}.Release|x86.ActiveCfg = Release|x86
		{F4F3864F-EC58-4F61-BC8A-13E5904E0437}.Release|x86.Build.0 = Release|x86
		{F6892398-D6D8-424C-8BB4-8A3D6E1C8F3A}.Debug|x86.ActiveCfg = Debug|x86
		{F6892398-D6D8-424C-8BB4-8A3D6E1C8F3A}.Debug|x86.Build.0 = Debug|x86
		{F6892398-D6D8-424C-8BB4-8A3D6E1C8F3A}.Release|x86.ActiveCfg = Release|x86
		{F6892398-D6D8-424C-8BB4-8A3D6E1C8F3A}.Release|x86.Build.0 = Release|x86
		{FE18FAEF-8F01-4C77-98C3-6BDFFBC5D46A}.Debug|x86.ActiveCfg = Debug|x86
		{FE18FAEF-8F01-4C77-98C3-6BDFFBC5D46A}.Debug|x86.Build.0 = Debug|x86
		{FE18FAEF-8F01-4C77-98C3-6BDFFBC5D46A}.Release|x86.ActiveCfg = Release|x86
		{FE18FAEF-8F01-4C77-98C3-6BDFFBC5D46A}.Release|x86.Build.0 = Release|x86
	EndGlobalSection
	GlobalSection(MonoDevelopProperties) = preSolution
		Policies = $0
		$0.TextStylePolicy = $1
		$1.inheritsSet = VisualStudio
		$1.inheritsScope = text/plain
		$1.scope = text/x-csharp
		$0.CSharpFormattingPolicy = $2
		$2.IndentSwitchBody = True
		$2.IndentBlocksInsideExpressions = True
		$2.AnonymousMethodBraceStyle = NextLine
		$2.PropertyBraceStyle = NextLine
		$2.PropertyGetBraceStyle = NextLine
		$2.PropertySetBraceStyle = NextLine
		$2.EventBraceStyle = NextLine
		$2.EventAddBraceStyle = NextLine
		$2.EventRemoveBraceStyle = NextLine
		$2.StatementBraceStyle = NextLine
		$2.ElseNewLinePlacement = NewLine
		$2.CatchNewLinePlacement = NewLine
		$2.FinallyNewLinePlacement = NewLine
		$2.WhileNewLinePlacement = DoNotCare
		$2.ArrayInitializerWrapping = DoNotChange
		$2.ArrayInitializerBraceStyle = NextLine
		$2.BeforeMethodDeclarationParentheses = False
		$2.BeforeMethodCallParentheses = False
		$2.BeforeConstructorDeclarationParentheses = False
		$2.NewLineBeforeConstructorInitializerColon = NewLine
		$2.NewLineAfterConstructorInitializerColon = SameLine
		$2.BeforeDelegateDeclarationParentheses = False
		$2.NewParentheses = False
		$2.SpacesBeforeBrackets = False
		$2.inheritsSet = Mono
		$2.inheritsScope = text/x-csharp
		$2.scope = text/x-csharp
		$0.TextStylePolicy = $3
		$3.FileWidth = 120
		$3.TabsToSpaces = False
		$3.inheritsSet = VisualStudio
		$3.inheritsScope = text/plain
		$3.scope = text/plain
		$0.StandardHeader = $4
		$4.Text = 
		$4.IncludeInNewFiles = True
	EndGlobalSection
EndGlobal
